
Microsoft Visual Studio Solution File, Format Version 12.00
# Visual Studio 15
VisualStudioVersion = 15.0.28010.2046
MinimumVisualStudioVersion = 10.0.40219.1
Project("{FAE04EC0-301F-11D3-BF4B-00C04F79EFBC}") = "methods_login_system", "methods_login_system\methods_login_system.csproj", "{70A5087F-15D4-42F7-966F-71FB0835CA24}"
EndProject
Global
	GlobalSection(SolutionConfigurationPlatforms) = preSolution
		Debug|Any CPU = Debug|Any CPU
		Release|Any CPU = Release|Any CPU
	EndGlobalSection
	GlobalSection(ProjectConfigurationPlatforms) = postSolution
		{70A5087F-15D4-42F7-966F-71FB0835CA24}.Debug|Any CPU.ActiveCfg = Debug|Any CPU
		{70A5087F-15D4-42F7-966F-71FB0835CA24}.Debug|Any CPU.Build.0 = Debug|Any CPU
		{70A5087F-15D4-42F7-966F-71FB0835CA24}.Release|Any CPU.ActiveCfg = Release|Any CPU
		{70A5087F-15D4-42F7-966F-71FB0835CA24}.Release|Any CPU.Build.0 = Release|Any CPU
	EndGlobalSection
	GlobalSection(SolutionProperties) = preSolution
		HideSolutionNode = FALSE
	EndGlobalSection
	GlobalSection(ExtensibilityGlobals) = postSolution
		SolutionGuid = {47B5690F-F537-4F42-A09B-B32FA1297972}
	EndGlobalSection
EndGlobal
